{
  "originHash" : "d91825c7cd89c57bea6ac41361ec3a3d9e8f17642ee9f952b7efa89bef89e826",
  "pins" : [
    {
      "identity" : "camera-kit-ios-sdk",
      "kind" : "remoteSourceControl",
      "location" : "https://github.com/Snapchat/camera-kit-ios-sdk",
      "state" : {
        "revision" : "fa5ccf69771d34d4fa59c3004554ea474166e2cb",
        "version" : "1.43.0"
      }
    },
    {
      "identity" : "snap-kit-spm",
      "kind" : "remoteSourceControl",
      "location" : "https://github.com/Snapchat/snap-kit-spm",
      "state" : {
        "revision" : "b4593a1ec3813af844806fef319ef68888611fba",
        "version" : "2.6.0"
      }
    }
  ],
  "version" : 3
}
